
Microsoft Visual Studio Solution File, Format Version 12.00
# Visual Studio Version 17
VisualStudioVersion = 17.1.32421.90
MinimumVisualStudioVersion = 10.0.40219.1
Project("{9A19103F-16F7-4668-BE54-9A1E7A4F7556}") = "Answer", "Answer.csproj", "{244432C5-AE97-40A3-ACCD-660F97C8EB07}"
EndProject
Global
	GlobalSection(SolutionConfigurationPlatforms) = preSolution
		Debug|Any CPU = Debug|Any CPU
		Release|Any CPU = Release|Any CPU
	EndGlobalSection
	GlobalSection(ProjectConfigurationPlatforms) = postSolution
		{244432C5-AE97-40A3-ACCD-660F97C8EB07}.Debug|Any CPU.ActiveCfg = Debug|Any CPU
		{244432C5-AE97-40A3-ACCD-660F97C8EB07}.Debug|Any CPU.Build.0 = Debug|Any CPU
		{244432C5-AE97-40A3-ACCD-660F97C8EB07}.Release|Any CPU.ActiveCfg = Release|Any CPU
		{244432C5-AE97-40A3-ACCD-660F97C8EB07}.Release|Any CPU.Build.0 = Release|Any CPU
	EndGlobalSection
	GlobalSection(SolutionProperties) = preSolution
		HideSolutionNode = FALSE
	EndGlobalSection
	GlobalSection(ExtensibilityGlobals) = postSolution
		SolutionGuid = {ACF46F97-CBB3-45FF-965F-66499BCC05EA}
	EndGlobalSection
EndGlobal
