
Microsoft Visual Studio Solution File, Format Version 12.00
# Visual Studio Version 17
VisualStudioVersion = 17.1.32421.90
MinimumVisualStudioVersion = 10.0.40219.1
Project("{9A19103F-16F7-4668-BE54-9A1E7A4F7556}") = "Answer", "Answer.csproj", "{0D36B3AB-014F-4B39-AB5D-78429EC12395}"
EndProject
Global
	GlobalSection(SolutionConfigurationPlatforms) = preSolution
		Debug|Any CPU = Debug|Any CPU
		Release|Any CPU = Release|Any CPU
	EndGlobalSection
	GlobalSection(ProjectConfigurationPlatforms) = postSolution
		{0D36B3AB-014F-4B39-AB5D-78429EC12395}.Debug|Any CPU.ActiveCfg = Debug|Any CPU
		{0D36B3AB-014F-4B39-AB5D-78429EC12395}.Debug|Any CPU.Build.0 = Debug|Any CPU
		{0D36B3AB-014F-4B39-AB5D-78429EC12395}.Release|Any CPU.ActiveCfg = Release|Any CPU
		{0D36B3AB-014F-4B39-AB5D-78429EC12395}.Release|Any CPU.Build.0 = Release|Any CPU
	EndGlobalSection
	GlobalSection(SolutionProperties) = preSolution
		HideSolutionNode = FALSE
	EndGlobalSection
	GlobalSection(ExtensibilityGlobals) = postSolution
		SolutionGuid = {21698129-DCFA-4804-9955-C1B02D37C07E}
	EndGlobalSection
EndGlobal
