
Microsoft Visual Studio Solution File, Format Version 12.00
# Visual Studio Version 17
VisualStudioVersion = 17.1.32421.90
MinimumVisualStudioVersion = 10.0.40219.1
Project("{9A19103F-16F7-4668-BE54-9A1E7A4F7556}") = "Answer", "Answer.csproj", "{EBFCACD1-9C90-4FCA-8D18-BA9549D42082}"
EndProject
Global
	GlobalSection(SolutionConfigurationPlatforms) = preSolution
		Debug|Any CPU = Debug|Any CPU
		Release|Any CPU = Release|Any CPU
	EndGlobalSection
	GlobalSection(ProjectConfigurationPlatforms) = postSolution
		{EBFCACD1-9C90-4FCA-8D18-BA9549D42082}.Debug|Any CPU.ActiveCfg = Debug|Any CPU
		{EBFCACD1-9C90-4FCA-8D18-BA9549D42082}.Debug|Any CPU.Build.0 = Debug|Any CPU
		{EBFCACD1-9C90-4FCA-8D18-BA9549D42082}.Release|Any CPU.ActiveCfg = Release|Any CPU
		{EBFCACD1-9C90-4FCA-8D18-BA9549D42082}.Release|Any CPU.Build.0 = Release|Any CPU
	EndGlobalSection
	GlobalSection(SolutionProperties) = preSolution
		HideSolutionNode = FALSE
	EndGlobalSection
	GlobalSection(ExtensibilityGlobals) = postSolution
		SolutionGuid = {6CDB7087-6DDC-4CD5-B4BF-BBCF404CA382}
	EndGlobalSection
EndGlobal
