
Microsoft Visual Studio Solution File, Format Version 12.00
# Visual Studio Version 17
VisualStudioVersion = 17.1.32421.90
MinimumVisualStudioVersion = 10.0.40219.1
Project("{FAE04EC0-301F-11D3-BF4B-00C04F79EFBC}") = "HackerRank_Beginner_Question_1", "HackerRank_Beginner_Question_1.csproj", "{085C27F5-EF5A-4F97-A3E5-1303EBA66370}"
EndProject
Global
	GlobalSection(SolutionConfigurationPlatforms) = preSolution
		Debug|Any CPU = Debug|Any CPU
		Release|Any CPU = Release|Any CPU
	EndGlobalSection
	GlobalSection(ProjectConfigurationPlatforms) = postSolution
		{085C27F5-EF5A-4F97-A3E5-1303EBA66370}.Debug|Any CPU.ActiveCfg = Debug|Any CPU
		{085C27F5-EF5A-4F97-A3E5-1303EBA66370}.Debug|Any CPU.Build.0 = Debug|Any CPU
		{085C27F5-EF5A-4F97-A3E5-1303EBA66370}.Release|Any CPU.ActiveCfg = Release|Any CPU
		{085C27F5-EF5A-4F97-A3E5-1303EBA66370}.Release|Any CPU.Build.0 = Release|Any CPU
	EndGlobalSection
	GlobalSection(SolutionProperties) = preSolution
		HideSolutionNode = FALSE
	EndGlobalSection
	GlobalSection(ExtensibilityGlobals) = postSolution
		SolutionGuid = {A2E50984-9490-4647-9553-964A2367FCFB}
	EndGlobalSection
EndGlobal
