
Microsoft Visual Studio Solution File, Format Version 12.00
# Visual Studio Version 17
VisualStudioVersion = 17.1.32421.90
MinimumVisualStudioVersion = 10.0.40219.1
Project("{9A19103F-16F7-4668-BE54-9A1E7A4F7556}") = "Answer", "Answer.csproj", "{AE127581-684D-4C5F-8698-10D514383DF0}"
EndProject
Global
	GlobalSection(SolutionConfigurationPlatforms) = preSolution
		Debug|Any CPU = Debug|Any CPU
		Release|Any CPU = Release|Any CPU
	EndGlobalSection
	GlobalSection(ProjectConfigurationPlatforms) = postSolution
		{AE127581-684D-4C5F-8698-10D514383DF0}.Debug|Any CPU.ActiveCfg = Debug|Any CPU
		{AE127581-684D-4C5F-8698-10D514383DF0}.Debug|Any CPU.Build.0 = Debug|Any CPU
		{AE127581-684D-4C5F-8698-10D514383DF0}.Release|Any CPU.ActiveCfg = Release|Any CPU
		{AE127581-684D-4C5F-8698-10D514383DF0}.Release|Any CPU.Build.0 = Release|Any CPU
	EndGlobalSection
	GlobalSection(SolutionProperties) = preSolution
		HideSolutionNode = FALSE
	EndGlobalSection
	GlobalSection(ExtensibilityGlobals) = postSolution
		SolutionGuid = {857B8017-84B6-4BB1-8CC9-E97B756E04D9}
	EndGlobalSection
EndGlobal
