
Microsoft Visual Studio Solution File, Format Version 12.00
# Visual Studio Version 17
VisualStudioVersion = 17.1.32421.90
MinimumVisualStudioVersion = 10.0.40219.1
Project("{9A19103F-16F7-4668-BE54-9A1E7A4F7556}") = "Answer", "Answer.csproj", "{618B6E61-7C7D-4802-87F0-AFF42A38CAFB}"
EndProject
Global
	GlobalSection(SolutionConfigurationPlatforms) = preSolution
		Debug|Any CPU = Debug|Any CPU
		Release|Any CPU = Release|Any CPU
	EndGlobalSection
	GlobalSection(ProjectConfigurationPlatforms) = postSolution
		{618B6E61-7C7D-4802-87F0-AFF42A38CAFB}.Debug|Any CPU.ActiveCfg = Debug|Any CPU
		{618B6E61-7C7D-4802-87F0-AFF42A38CAFB}.Debug|Any CPU.Build.0 = Debug|Any CPU
		{618B6E61-7C7D-4802-87F0-AFF42A38CAFB}.Release|Any CPU.ActiveCfg = Release|Any CPU
		{618B6E61-7C7D-4802-87F0-AFF42A38CAFB}.Release|Any CPU.Build.0 = Release|Any CPU
	EndGlobalSection
	GlobalSection(SolutionProperties) = preSolution
		HideSolutionNode = FALSE
	EndGlobalSection
	GlobalSection(ExtensibilityGlobals) = postSolution
		SolutionGuid = {A7C1769C-3DB9-492A-93C0-9CCDF6E42165}
	EndGlobalSection
EndGlobal
